
Microsoft Visual Studio Solution File, Format Version 12.00
# Visual Studio Version 16
VisualStudioVersion = 16.0.31005.135
MinimumVisualStudioVersion = 10.0.40219.1
Project("{9A19103F-16F7-4668-BE54-9A1E7A4F7556}") = "UIAutomationTests", "UIAutomationTests.csproj", "{1A5337F6-E09C-4D6C-BD94-B1D9E06A3B9A}"
EndProject
Global
	GlobalSection(SolutionConfigurationPlatforms) = preSolution
		Debug|Any CPU = Debug|Any CPU
		Release|Any CPU = Release|Any CPU
	EndGlobalSection
	GlobalSection(ProjectConfigurationPlatforms) = postSolution
		{1A5337F6-E09C-4D6C-BD94-B1D9E06A3B9A}.Debug|Any CPU.ActiveCfg = Debug|Any CPU
		{1A5337F6-E09C-4D6C-BD94-B1D9E06A3B9A}.Debug|Any CPU.Build.0 = Debug|Any CPU
		{1A5337F6-E09C-4D6C-BD94-B1D9E06A3B9A}.Release|Any CPU.ActiveCfg = Release|Any CPU
		{1A5337F6-E09C-4D6C-BD94-B1D9E06A3B9A}.Release|Any CPU.Build.0 = Release|Any CPU
	EndGlobalSection
	GlobalSection(SolutionProperties) = preSolution
		HideSolutionNode = FALSE
	EndGlobalSection
	GlobalSection(ExtensibilityGlobals) = postSolution
		SolutionGuid = {CB01DB6F-E620-4BF8-BD74-D8FFBFD3DDD9}
	EndGlobalSection
EndGlobal
